
Microsoft Visual Studio Solution File, Format Version 12.00
Project("{FAE04EC0-301F-11D3-BF4B-00C04F79EFBC}") = "DataAPI", "DataAPI\DataAPI.csproj", "{643E8952-B0F4-4055-BF43-E38264C379F9}"
EndProject
Global
	GlobalSection(SolutionConfigurationPlatforms) = preSolution
		Debug|Any CPU = Debug|Any CPU
		Release|Any CPU = Release|Any CPU
	EndGlobalSection
	GlobalSection(ProjectConfigurationPlatforms) = postSolution
		{643E8952-B0F4-4055-BF43-E38264C379F9}.Debug|Any CPU.ActiveCfg = Debug|Any CPU
		{643E8952-B0F4-4055-BF43-E38264C379F9}.Debug|Any CPU.Build.0 = Debug|Any CPU
		{643E8952-B0F4-4055-BF43-E38264C379F9}.Release|Any CPU.ActiveCfg = Release|Any CPU
		{643E8952-B0F4-4055-BF43-E38264C379F9}.Release|Any CPU.Build.0 = Release|Any CPU
	EndGlobalSection
EndGlobal
